<?xml version="1.0" encoding="utf-8"?>
<Project ToolsVersion="4.0" xmlns="http://schemas.microsoft.com/developer/msbuild/2003">
  <ItemGroup>
    <Filter Include="Source Files">
      <UniqueIdentifier>{4FC737F1-C7A5-4376-A066-2A32D752A2FF}</UniqueIdentifier>
      <Extensions>cpp;c;cc;cxx;def;odl;idl;hpj;bat;asm;asmx</Extensions>
    </Filter>
    <Filter Include="Header Files">
      <UniqueIdentifier>{93995380-89BD-4b04-88EB-625FBE52EBFB}</UniqueIdentifier>
      <Extensions>h;hpp;hxx;hm;inl;inc;xsd</Extensions>
    </Filter>
    <Filter Include="cpp">
      <UniqueIdentifier>{e48ae52f-bd61-467a-9c8c-c7afd65b0ddb}</UniqueIdentifier>
    </Filter>
    <Filter Include="cpp\exceptions">
      <UniqueIdentifier>{59e5b277-209c-4fe2-8d18-e9181db22b28}</UniqueIdentifier>
    </Filter>
  </ItemGroup>
  <ItemGroup>
    <ClCompile Include="main.cpp">
      <Filter>Source Files</Filter>
    </ClCompile>
    <ClCompile Include="tlsf.c">
      <Filter>Source Files</Filter>
    </ClCompile>
    <ClCompile Include="cpp_support.cpp">
      <Filter>cpp</Filter>
    </ClCompile>
    <ClCompile Include="type_info.cpp">
      <Filter>cpp</Filter>
    </ClCompile>
    <ClCompile Include="common.cpp">
      <Filter>Source Files</Filter>
    </ClCompile>
    <ClCompile Include="exc_common.cpp">
      <Filter>cpp\exceptions</Filter>
    </ClCompile>
    <ClCompile Include="exc_dispatch.cpp">
      <Filter>cpp\exceptions</Filter>
    </ClCompile>
    <ClCompile Include="fh4.cpp">
      <Filter>cpp\exceptions</Filter>
    </ClCompile>
    <ClCompile Include="hook_functions.cpp">
      <Filter>Source Files</Filter>
    </ClCompile>
    <ClCompile Include="printf_impl.cpp">
      <Filter>Source Files</Filter>
    </ClCompile>
    <ClCompile Include="lde.cpp">
      <Filter>Source Files</Filter>
    </ClCompile>
    <ClCompile Include="hooking.cpp">
      <Filter>Source Files</Filter>
    </ClCompile>
  </ItemGroup>
  <ItemGroup>
    <MASM Include="asm_common.asm">
      <Filter>Source Files</Filter>
    </MASM>
    <MASM Include="throw_exception.asm">
      <Filter>cpp\exceptions</Filter>
    </MASM>
  </ItemGroup>
  <ItemGroup>
    <ClInclude Include="vmcall.hpp">
      <Filter>Header Files</Filter>
    </ClInclude>
    <ClInclude Include="type_info.hpp">
      <Filter>cpp</Filter>
    </ClInclude>
    <ClInclude Include="cpp_support.hpp">
      <Filter>cpp</Filter>
    </ClInclude>
    <ClInclude Include="globals.hpp">
      <Filter>Header Files</Filter>
    </ClInclude>
    <ClInclude Include="common.hpp">
      <Filter>Header Files</Filter>
    </ClInclude>
    <ClInclude Include="memory_manager.hpp">
      <Filter>Header Files</Filter>
    </ClInclude>
    <ClInclude Include="tlsf.h">
      <Filter>Header Files</Filter>
    </ClInclude>
    <ClInclude Include="exc_common.hpp">
      <Filter>cpp\exceptions</Filter>
    </ClInclude>
    <ClInclude Include="hook_functions.hpp">
      <Filter>Header Files</Filter>
    </ClInclude>
    <ClInclude Include="hooking.hpp">
      <Filter>Header Files</Filter>
    </ClInclude>
    <ClInclude Include="lde.hpp">
      <Filter>Header Files</Filter>
    </ClInclude>
    <ClInclude Include="printf.hpp">
      <Filter>Header Files</Filter>
    </ClInclude>
    <ClInclude Include="pt.hpp">
      <Filter>Header Files</Filter>
    </ClInclude>
    <ClInclude Include="nano_printf.h">
      <Filter>Header Files</Filter>
    </ClInclude>
  </ItemGroup>
  <ItemGroup>
    <None Include=".editorconfig" />
  </ItemGroup>
</Project>