
Microsoft Visual Studio Solution File, Format Version 12.00
# Visual Studio Version 17
VisualStudioVersion = 17.2.32616.157
MinimumVisualStudioVersion = 10.0.40219.1
Project("{8BC9CEB8-8B4A-11D0-8D11-00A0C91BC942}") = "BaseCacheMaintenanceLib", "BaseCacheMaintenanceLib\BaseCacheMaintenanceLib.vcxproj", "{8CEAF1F8-E3B3-4365-8028-DAF22C5BF6CB}"
EndProject
Project("{8BC9CEB8-8B4A-11D0-8D11-00A0C91BC942}") = "BaseCryptLib", "BaseCryptLib\BaseCryptLib.vcxproj", "{332BCDBE-ECC1-43E1-982C-96713BB3D252}"
EndProject
Project("{8BC9CEB8-8B4A-11D0-8D11-00A0C91BC942}") = "BaseDebugPrintErrorLevelLib", "BaseDebugPrintErrorLevelLib\BaseDebugPrintErrorLevelLib.vcxproj", "{127B7A45-7195-4983-B3AB-1E1790FA80B0}"
EndProject
Project("{8BC9CEB8-8B4A-11D0-8D11-00A0C91BC942}") = "BaseLib", "BaseLib\BaseLib.vcxproj", "{215CFCB4-909D-426E-810A-31BD525CEFF7}"
EndProject
Project("{8BC9CEB8-8B4A-11D0-8D11-00A0C91BC942}") = "BaseMemoryLib", "BaseMemoryLib\BaseMemoryLib.vcxproj", "{3462BEC7-32D7-4CD2-9ACD-1F5F9474FF53}"
EndProject
Project("{8BC9CEB8-8B4A-11D0-8D11-00A0C91BC942}") = "BasePrintLib", "BasePrintLib\BasePrintLib.vcxproj", "{06652321-0AB8-4321-A803-5E500608B528}"
EndProject
Project("{8BC9CEB8-8B4A-11D0-8D11-00A0C91BC942}") = "BaseSynchronizationLib", "BaseSynchronizationLib\BaseSynchronizationLib.vcxproj", "{E2A2FA49-9FBB-44BE-9171-F3DDEE6AB246}"
EndProject
Project("{8BC9CEB8-8B4A-11D0-8D11-00A0C91BC942}") = "GlueLib", "GlueLib\GlueLib.vcxproj", "{790B7A96-73BF-4987-A845-FACBD9C14218}"
EndProject
Project("{8BC9CEB8-8B4A-11D0-8D11-00A0C91BC942}") = "IntrinsicLib", "IntrinsicLib\IntrinsicLib.vcxproj", "{CA90CECF-DEF2-45A1-878B-863FD8D4C1C3}"
EndProject
Project("{8BC9CEB8-8B4A-11D0-8D11-00A0C91BC942}") = "UefiApplicationEntryPoint", "UefiApplicationEntryPoint\UefiApplicationEntryPoint.vcxproj", "{16CCF8DB-8DAF-47D6-A805-4A134606F055}"
EndProject
Project("{8BC9CEB8-8B4A-11D0-8D11-00A0C91BC942}") = "UefiBootServicesTableLib", "UefiBootServicesTableLib\UefiBootServicesTableLib.vcxproj", "{52BBE19A-9420-4FD3-AF1D-11259170AB39}"
EndProject
Project("{8BC9CEB8-8B4A-11D0-8D11-00A0C91BC942}") = "UefiDebugLibConOut", "UefiDebugLibConOut\UefiDebugLibConOut.vcxproj", "{AC030F18-F8F9-4769-AC61-D13FA54BA406}"
EndProject
Project("{8BC9CEB8-8B4A-11D0-8D11-00A0C91BC942}") = "UefiDevicePathLibDevicePathProtocol", "UefiDevicePathLibDevicePathProtocol\UefiDevicePathLibDevicePathProtocol.vcxproj", "{61438086-F7FD-4D4D-A795-51E4F101A349}"
EndProject
Project("{8BC9CEB8-8B4A-11D0-8D11-00A0C91BC942}") = "UefiDriverEntryPoint", "UefiDriverEntryPoint\UefiDriverEntryPoint.vcxproj", "{01C7214A-1B73-403A-BBAF-9B8DF7D30468}"
EndProject
Project("{8BC9CEB8-8B4A-11D0-8D11-00A0C91BC942}") = "UefiFileHandleLib", "UefiFileHandleLib\UefiFileHandleLib.vcxproj", "{1D1B217B-D66D-473B-B0D4-A94FEC4D3975}"
EndProject
Project("{8BC9CEB8-8B4A-11D0-8D11-00A0C91BC942}") = "UefiHiiLib", "UefiHiiLib\UefiHiiLib.vcxproj", "{99A841C1-A28B-42E5-8909-EF7E769D4200}"
EndProject
Project("{8BC9CEB8-8B4A-11D0-8D11-00A0C91BC942}") = "UefiHiiServicesLib", "UefiHiiServicesLib\UefiHiiServicesLib.vcxproj", "{80B07F31-038B-4896-8131-58C36FFD95DD}"
EndProject
Project("{8BC9CEB8-8B4A-11D0-8D11-00A0C91BC942}") = "UefiLib", "UefiLib\UefiLib.vcxproj", "{F2CF1DE8-0750-4B50-8FE9-755E025D6F4F}"
EndProject
Project("{8BC9CEB8-8B4A-11D0-8D11-00A0C91BC942}") = "UefiMemoryAllocationLib", "UefiMemoryAllocationLib\UefiMemoryAllocationLib.vcxproj", "{7DB693E0-ECCF-4B3F-A02C-C678019851B5}"
EndProject
Project("{8BC9CEB8-8B4A-11D0-8D11-00A0C91BC942}") = "UefiMemoryLib", "UefiMemoryLib\UefiMemoryLib.vcxproj", "{0AFE4DA8-D00F-41C4-A1CF-304A34B29336}"
EndProject
Project("{8BC9CEB8-8B4A-11D0-8D11-00A0C91BC942}") = "UefiRuntimeLib", "UefiRuntimeLib\UefiRuntimeLib.vcxproj", "{916674CE-00F8-49ED-AC62-E340A75FBC79}"
EndProject
Project("{8BC9CEB8-8B4A-11D0-8D11-00A0C91BC942}") = "UefiRuntimeServicesTableLib", "UefiRuntimeServicesTableLib\UefiRuntimeServicesTableLib.vcxproj", "{5AFC483D-F78F-4451-B1E1-B87E944F9DD6}"
EndProject
Project("{8BC9CEB8-8B4A-11D0-8D11-00A0C91BC942}") = "UefiShellLib", "UefiShellLib\UefiShellLib.vcxproj", "{FAC5D81B-B4A0-4E4D-9B1E-2734B42A69C7}"
EndProject
Project("{8BC9CEB8-8B4A-11D0-8D11-00A0C91BC942}") = "UefiSortLib", "UefiSortLib\UefiSortLib.vcxproj", "{D97B4AE3-733C-4CE3-B439-87F2403E0E27}"
EndProject
Project("{8BC9CEB8-8B4A-11D0-8D11-00A0C91BC942}") = "BaseCpuLib", "BaseCpuLib\BaseCpuLib.vcxproj", "{D3A17BC7-DBAC-4919-B32A-A114D831661E}"
EndProject
Project("{8BC9CEB8-8B4A-11D0-8D11-00A0C91BC942}") = "BaseIoLib", "BaseIoLib\BaseIoLib.vcxproj", "{B7DAE0EC-AFF4-4A6D-AB90-C27590B9B12D}"
EndProject
Project("{8BC9CEB8-8B4A-11D0-8D11-00A0C91BC942}") = "SerialPortLib", "SerialPortLib\SerialPortLib.vcxproj", "{890FAF51-8887-4936-A59D-DC39B5F01DB1}"
EndProject
Project("{8BC9CEB8-8B4A-11D0-8D11-00A0C91BC942}") = "TdxLib", "TdxLib\TdxLib.vcxproj", "{14EF2CAB-D40A-4B59-BB1A-09B750FBB466}"
EndProject
Project("{8BC9CEB8-8B4A-11D0-8D11-00A0C91BC942}") = "CcProbeLib", "CcProbeLib\CcProbeLib.vcxproj", "{B2C93471-539A-416B-9F04-B448EF701FD2}"
EndProject
Project("{8BC9CEB8-8B4A-11D0-8D11-00A0C91BC942}") = "RegisterFilterLib", "RegisterFilterLib\RegisterFilterLib.vcxproj", "{6B130D56-47AB-4C44-8440-5D7304DB70C3}"
EndProject
Global
	GlobalSection(SolutionConfigurationPlatforms) = preSolution
		Release|x64 = Release|x64
		Release|x86 = Release|x86
	EndGlobalSection
	GlobalSection(ProjectConfigurationPlatforms) = postSolution
		{8CEAF1F8-E3B3-4365-8028-DAF22C5BF6CB}.Release|x64.ActiveCfg = Release|x64
		{8CEAF1F8-E3B3-4365-8028-DAF22C5BF6CB}.Release|x64.Build.0 = Release|x64
		{8CEAF1F8-E3B3-4365-8028-DAF22C5BF6CB}.Release|x86.ActiveCfg = Release|Win32
		{8CEAF1F8-E3B3-4365-8028-DAF22C5BF6CB}.Release|x86.Build.0 = Release|Win32
		{332BCDBE-ECC1-43E1-982C-96713BB3D252}.Release|x64.ActiveCfg = Release|x64
		{332BCDBE-ECC1-43E1-982C-96713BB3D252}.Release|x64.Build.0 = Release|x64
		{332BCDBE-ECC1-43E1-982C-96713BB3D252}.Release|x86.ActiveCfg = Release|Win32
		{332BCDBE-ECC1-43E1-982C-96713BB3D252}.Release|x86.Build.0 = Release|Win32
		{127B7A45-7195-4983-B3AB-1E1790FA80B0}.Release|x64.ActiveCfg = Release|x64
		{127B7A45-7195-4983-B3AB-1E1790FA80B0}.Release|x64.Build.0 = Release|x64
		{127B7A45-7195-4983-B3AB-1E1790FA80B0}.Release|x86.ActiveCfg = Release|Win32
		{127B7A45-7195-4983-B3AB-1E1790FA80B0}.Release|x86.Build.0 = Release|Win32
		{215CFCB4-909D-426E-810A-31BD525CEFF7}.Release|x64.ActiveCfg = Release|x64
		{215CFCB4-909D-426E-810A-31BD525CEFF7}.Release|x64.Build.0 = Release|x64
		{215CFCB4-909D-426E-810A-31BD525CEFF7}.Release|x86.ActiveCfg = Release|Win32
		{215CFCB4-909D-426E-810A-31BD525CEFF7}.Release|x86.Build.0 = Release|Win32
		{3462BEC7-32D7-4CD2-9ACD-1F5F9474FF53}.Release|x64.ActiveCfg = Release|x64
		{3462BEC7-32D7-4CD2-9ACD-1F5F9474FF53}.Release|x64.Build.0 = Release|x64
		{3462BEC7-32D7-4CD2-9ACD-1F5F9474FF53}.Release|x86.ActiveCfg = Release|Win32
		{3462BEC7-32D7-4CD2-9ACD-1F5F9474FF53}.Release|x86.Build.0 = Release|Win32
		{06652321-0AB8-4321-A803-5E500608B528}.Release|x64.ActiveCfg = Release|x64
		{06652321-0AB8-4321-A803-5E500608B528}.Release|x64.Build.0 = Release|x64
		{06652321-0AB8-4321-A803-5E500608B528}.Release|x86.ActiveCfg = Release|Win32
		{06652321-0AB8-4321-A803-5E500608B528}.Release|x86.Build.0 = Release|Win32
		{E2A2FA49-9FBB-44BE-9171-F3DDEE6AB246}.Release|x64.ActiveCfg = Release|x64
		{E2A2FA49-9FBB-44BE-9171-F3DDEE6AB246}.Release|x64.Build.0 = Release|x64
		{E2A2FA49-9FBB-44BE-9171-F3DDEE6AB246}.Release|x86.ActiveCfg = Release|Win32
		{E2A2FA49-9FBB-44BE-9171-F3DDEE6AB246}.Release|x86.Build.0 = Release|Win32
		{790B7A96-73BF-4987-A845-FACBD9C14218}.Release|x64.ActiveCfg = Release|x64
		{790B7A96-73BF-4987-A845-FACBD9C14218}.Release|x64.Build.0 = Release|x64
		{790B7A96-73BF-4987-A845-FACBD9C14218}.Release|x86.ActiveCfg = Release|Win32
		{790B7A96-73BF-4987-A845-FACBD9C14218}.Release|x86.Build.0 = Release|Win32
		{CA90CECF-DEF2-45A1-878B-863FD8D4C1C3}.Release|x64.ActiveCfg = Release|x64
		{CA90CECF-DEF2-45A1-878B-863FD8D4C1C3}.Release|x64.Build.0 = Release|x64
		{CA90CECF-DEF2-45A1-878B-863FD8D4C1C3}.Release|x86.ActiveCfg = Release|Win32
		{CA90CECF-DEF2-45A1-878B-863FD8D4C1C3}.Release|x86.Build.0 = Release|Win32
		{16CCF8DB-8DAF-47D6-A805-4A134606F055}.Release|x64.ActiveCfg = Release|x64
		{16CCF8DB-8DAF-47D6-A805-4A134606F055}.Release|x64.Build.0 = Release|x64
		{16CCF8DB-8DAF-47D6-A805-4A134606F055}.Release|x86.ActiveCfg = Release|Win32
		{16CCF8DB-8DAF-47D6-A805-4A134606F055}.Release|x86.Build.0 = Release|Win32
		{52BBE19A-9420-4FD3-AF1D-11259170AB39}.Release|x64.ActiveCfg = Release|x64
		{52BBE19A-9420-4FD3-AF1D-11259170AB39}.Release|x64.Build.0 = Release|x64
		{52BBE19A-9420-4FD3-AF1D-11259170AB39}.Release|x86.ActiveCfg = Release|Win32
		{52BBE19A-9420-4FD3-AF1D-11259170AB39}.Release|x86.Build.0 = Release|Win32
		{AC030F18-F8F9-4769-AC61-D13FA54BA406}.Release|x64.ActiveCfg = Release|x64
		{AC030F18-F8F9-4769-AC61-D13FA54BA406}.Release|x64.Build.0 = Release|x64
		{AC030F18-F8F9-4769-AC61-D13FA54BA406}.Release|x86.ActiveCfg = Release|Win32
		{AC030F18-F8F9-4769-AC61-D13FA54BA406}.Release|x86.Build.0 = Release|Win32
		{61438086-F7FD-4D4D-A795-51E4F101A349}.Release|x64.ActiveCfg = Release|x64
		{61438086-F7FD-4D4D-A795-51E4F101A349}.Release|x64.Build.0 = Release|x64
		{61438086-F7FD-4D4D-A795-51E4F101A349}.Release|x86.ActiveCfg = Release|Win32
		{61438086-F7FD-4D4D-A795-51E4F101A349}.Release|x86.Build.0 = Release|Win32
		{01C7214A-1B73-403A-BBAF-9B8DF7D30468}.Release|x64.ActiveCfg = Release|x64
		{01C7214A-1B73-403A-BBAF-9B8DF7D30468}.Release|x64.Build.0 = Release|x64
		{01C7214A-1B73-403A-BBAF-9B8DF7D30468}.Release|x86.ActiveCfg = Release|Win32
		{01C7214A-1B73-403A-BBAF-9B8DF7D30468}.Release|x86.Build.0 = Release|Win32
		{1D1B217B-D66D-473B-B0D4-A94FEC4D3975}.Release|x64.ActiveCfg = Release|x64
		{1D1B217B-D66D-473B-B0D4-A94FEC4D3975}.Release|x64.Build.0 = Release|x64
		{1D1B217B-D66D-473B-B0D4-A94FEC4D3975}.Release|x86.ActiveCfg = Release|Win32
		{1D1B217B-D66D-473B-B0D4-A94FEC4D3975}.Release|x86.Build.0 = Release|Win32
		{99A841C1-A28B-42E5-8909-EF7E769D4200}.Release|x64.ActiveCfg = Release|x64
		{99A841C1-A28B-42E5-8909-EF7E769D4200}.Release|x64.Build.0 = Release|x64
		{99A841C1-A28B-42E5-8909-EF7E769D4200}.Release|x86.ActiveCfg = Release|Win32
		{99A841C1-A28B-42E5-8909-EF7E769D4200}.Release|x86.Build.0 = Release|Win32
		{80B07F31-038B-4896-8131-58C36FFD95DD}.Release|x64.ActiveCfg = Release|x64
		{80B07F31-038B-4896-8131-58C36FFD95DD}.Release|x64.Build.0 = Release|x64
		{80B07F31-038B-4896-8131-58C36FFD95DD}.Release|x86.ActiveCfg = Release|Win32
		{80B07F31-038B-4896-8131-58C36FFD95DD}.Release|x86.Build.0 = Release|Win32
		{F2CF1DE8-0750-4B50-8FE9-755E025D6F4F}.Release|x64.ActiveCfg = Release|x64
		{F2CF1DE8-0750-4B50-8FE9-755E025D6F4F}.Release|x64.Build.0 = Release|x64
		{F2CF1DE8-0750-4B50-8FE9-755E025D6F4F}.Release|x86.ActiveCfg = Release|Win32
		{F2CF1DE8-0750-4B50-8FE9-755E025D6F4F}.Release|x86.Build.0 = Release|Win32
		{7DB693E0-ECCF-4B3F-A02C-C678019851B5}.Release|x64.ActiveCfg = Release|x64
		{7DB693E0-ECCF-4B3F-A02C-C678019851B5}.Release|x64.Build.0 = Release|x64
		{7DB693E0-ECCF-4B3F-A02C-C678019851B5}.Release|x86.ActiveCfg = Release|Win32
		{7DB693E0-ECCF-4B3F-A02C-C678019851B5}.Release|x86.Build.0 = Release|Win32
		{0AFE4DA8-D00F-41C4-A1CF-304A34B29336}.Release|x64.ActiveCfg = Release|x64
		{0AFE4DA8-D00F-41C4-A1CF-304A34B29336}.Release|x64.Build.0 = Release|x64
		{0AFE4DA8-D00F-41C4-A1CF-304A34B29336}.Release|x86.ActiveCfg = Release|Win32
		{0AFE4DA8-D00F-41C4-A1CF-304A34B29336}.Release|x86.Build.0 = Release|Win32
		{916674CE-00F8-49ED-AC62-E340A75FBC79}.Release|x64.ActiveCfg = Release|x64
		{916674CE-00F8-49ED-AC62-E340A75FBC79}.Release|x64.Build.0 = Release|x64
		{916674CE-00F8-49ED-AC62-E340A75FBC79}.Release|x86.ActiveCfg = Release|Win32
		{916674CE-00F8-49ED-AC62-E340A75FBC79}.Release|x86.Build.0 = Release|Win32
		{5AFC483D-F78F-4451-B1E1-B87E944F9DD6}.Release|x64.ActiveCfg = Release|x64
		{5AFC483D-F78F-4451-B1E1-B87E944F9DD6}.Release|x64.Build.0 = Release|x64
		{5AFC483D-F78F-4451-B1E1-B87E944F9DD6}.Release|x86.ActiveCfg = Release|Win32
		{5AFC483D-F78F-4451-B1E1-B87E944F9DD6}.Release|x86.Build.0 = Release|Win32
		{FAC5D81B-B4A0-4E4D-9B1E-2734B42A69C7}.Release|x64.ActiveCfg = Release|x64
		{FAC5D81B-B4A0-4E4D-9B1E-2734B42A69C7}.Release|x64.Build.0 = Release|x64
		{FAC5D81B-B4A0-4E4D-9B1E-2734B42A69C7}.Release|x86.ActiveCfg = Release|Win32
		{FAC5D81B-B4A0-4E4D-9B1E-2734B42A69C7}.Release|x86.Build.0 = Release|Win32
		{D97B4AE3-733C-4CE3-B439-87F2403E0E27}.Release|x64.ActiveCfg = Release|x64
		{D97B4AE3-733C-4CE3-B439-87F2403E0E27}.Release|x64.Build.0 = Release|x64
		{D97B4AE3-733C-4CE3-B439-87F2403E0E27}.Release|x86.ActiveCfg = Release|Win32
		{D97B4AE3-733C-4CE3-B439-87F2403E0E27}.Release|x86.Build.0 = Release|Win32
		{D3A17BC7-DBAC-4919-B32A-A114D831661E}.Release|x64.ActiveCfg = Release|x64
		{D3A17BC7-DBAC-4919-B32A-A114D831661E}.Release|x64.Build.0 = Release|x64
		{D3A17BC7-DBAC-4919-B32A-A114D831661E}.Release|x86.ActiveCfg = Release|Win32
		{D3A17BC7-DBAC-4919-B32A-A114D831661E}.Release|x86.Build.0 = Release|Win32
		{B7DAE0EC-AFF4-4A6D-AB90-C27590B9B12D}.Release|x64.ActiveCfg = Release|x64
		{B7DAE0EC-AFF4-4A6D-AB90-C27590B9B12D}.Release|x64.Build.0 = Release|x64
		{B7DAE0EC-AFF4-4A6D-AB90-C27590B9B12D}.Release|x86.ActiveCfg = Release|Win32
		{B7DAE0EC-AFF4-4A6D-AB90-C27590B9B12D}.Release|x86.Build.0 = Release|Win32
		{890FAF51-8887-4936-A59D-DC39B5F01DB1}.Release|x64.ActiveCfg = Release|x64
		{890FAF51-8887-4936-A59D-DC39B5F01DB1}.Release|x64.Build.0 = Release|x64
		{890FAF51-8887-4936-A59D-DC39B5F01DB1}.Release|x86.ActiveCfg = Release|Win32
		{890FAF51-8887-4936-A59D-DC39B5F01DB1}.Release|x86.Build.0 = Release|Win32
		{14EF2CAB-D40A-4B59-BB1A-09B750FBB466}.Release|x64.ActiveCfg = Release|x64
		{14EF2CAB-D40A-4B59-BB1A-09B750FBB466}.Release|x64.Build.0 = Release|x64
		{14EF2CAB-D40A-4B59-BB1A-09B750FBB466}.Release|x86.ActiveCfg = Release|Win32
		{14EF2CAB-D40A-4B59-BB1A-09B750FBB466}.Release|x86.Build.0 = Release|Win32
		{B2C93471-539A-416B-9F04-B448EF701FD2}.Release|x64.ActiveCfg = Release|x64
		{B2C93471-539A-416B-9F04-B448EF701FD2}.Release|x64.Build.0 = Release|x64
		{B2C93471-539A-416B-9F04-B448EF701FD2}.Release|x86.ActiveCfg = Release|Win32
		{B2C93471-539A-416B-9F04-B448EF701FD2}.Release|x86.Build.0 = Release|Win32
		{6B130D56-47AB-4C44-8440-5D7304DB70C3}.Release|x64.ActiveCfg = Release|x64
		{6B130D56-47AB-4C44-8440-5D7304DB70C3}.Release|x64.Build.0 = Release|x64
		{6B130D56-47AB-4C44-8440-5D7304DB70C3}.Release|x86.ActiveCfg = Release|Win32
		{6B130D56-47AB-4C44-8440-5D7304DB70C3}.Release|x86.Build.0 = Release|Win32
	EndGlobalSection
	GlobalSection(SolutionProperties) = preSolution
		HideSolutionNode = FALSE
	EndGlobalSection
	GlobalSection(ExtensibilityGlobals) = postSolution
		SolutionGuid = {406EF46F-59D3-4563-BF68-D4911491E44E}
	EndGlobalSection
EndGlobal
